
Microsoft Visual Studio Solution File, Format Version 12.00
Project("{FAE04EC0-301F-11D3-BF4B-00C04F79EFBC}") = "apbd_cw7", "apbd_cw7\apbd_cw7.csproj", "{36B58811-F208-449B-A09E-BB54CA3EE744}"
EndProject
Global
	GlobalSection(SolutionConfigurationPlatforms) = preSolution
		Debug|Any CPU = Debug|Any CPU
		Release|Any CPU = Release|Any CPU
	EndGlobalSection
	GlobalSection(ProjectConfigurationPlatforms) = postSolution
		{36B58811-F208-449B-A09E-BB54CA3EE744}.Debug|Any CPU.ActiveCfg = Debug|Any CPU
		{36B58811-F208-449B-A09E-BB54CA3EE744}.Debug|Any CPU.Build.0 = Debug|Any CPU
		{36B58811-F208-449B-A09E-BB54CA3EE744}.Release|Any CPU.ActiveCfg = Release|Any CPU
		{36B58811-F208-449B-A09E-BB54CA3EE744}.Release|Any CPU.Build.0 = Release|Any CPU
	EndGlobalSection
EndGlobal
